
Microsoft Visual Studio Solution File, Format Version 12.00
# Visual Studio 15
VisualStudioVersion = 15.0.27428.2037
MinimumVisualStudioVersion = 10.0.40219.1
Project("{FAE04EC0-301F-11D3-BF4B-00C04F79EFBC}") = "NWNPluginFramework", "NWNPluginFramework\NWNPluginFramework.csproj", "{AA3B2049-58D9-4FE7-BB74-AAAEC2F8CF43}"
EndProject
Global
	GlobalSection(SolutionConfigurationPlatforms) = preSolution
		Debug|Any CPU = Debug|Any CPU
		Release|Any CPU = Release|Any CPU
	EndGlobalSection
	GlobalSection(ProjectConfigurationPlatforms) = postSolution
		{AA3B2049-58D9-4FE7-BB74-AAAEC2F8CF43}.Debug|Any CPU.ActiveCfg = Debug|Any CPU
		{AA3B2049-58D9-4FE7-BB74-AAAEC2F8CF43}.Debug|Any CPU.Build.0 = Debug|Any CPU
		{AA3B2049-58D9-4FE7-BB74-AAAEC2F8CF43}.Release|Any CPU.ActiveCfg = Release|Any CPU
		{AA3B2049-58D9-4FE7-BB74-AAAEC2F8CF43}.Release|Any CPU.Build.0 = Release|Any CPU
	EndGlobalSection
	GlobalSection(SolutionProperties) = preSolution
		HideSolutionNode = FALSE
	EndGlobalSection
	GlobalSection(ExtensibilityGlobals) = postSolution
		SolutionGuid = {E6F78519-1944-4430-ABFA-DAABDF4DC4DB}
	EndGlobalSection
EndGlobal
